
Microsoft Visual Studio Solution File, Format Version 12.00
# Visual Studio Version 17
VisualStudioVersion = 17.4.33213.308
MinimumVisualStudioVersion = 10.0.40219.1
Project("{FAE04EC0-301F-11D3-BF4B-00C04F79EFBC}") = "Cap5", "Cap5\Cap5.csproj", "{69DE97B2-41A1-46FE-99CD-B10B5A6F2734}"
EndProject
Global
	GlobalSection(SolutionConfigurationPlatforms) = preSolution
		Debug|Any CPU = Debug|Any CPU
		Release|Any CPU = Release|Any CPU
	EndGlobalSection
	GlobalSection(ProjectConfigurationPlatforms) = postSolution
		{69DE97B2-41A1-46FE-99CD-B10B5A6F2734}.Debug|Any CPU.ActiveCfg = Debug|Any CPU
		{69DE97B2-41A1-46FE-99CD-B10B5A6F2734}.Debug|Any CPU.Build.0 = Debug|Any CPU
		{69DE97B2-41A1-46FE-99CD-B10B5A6F2734}.Release|Any CPU.ActiveCfg = Release|Any CPU
		{69DE97B2-41A1-46FE-99CD-B10B5A6F2734}.Release|Any CPU.Build.0 = Release|Any CPU
	EndGlobalSection
	GlobalSection(SolutionProperties) = preSolution
		HideSolutionNode = FALSE
	EndGlobalSection
	GlobalSection(ExtensibilityGlobals) = postSolution
		SolutionGuid = {D8A2E69E-6689-4970-9D05-446314FFCFEC}
	EndGlobalSection
EndGlobal
